
Microsoft Visual Studio Solution File, Format Version 12.00
# Visual Studio Version 17
VisualStudioVersion = 17.8.34330.188
MinimumVisualStudioVersion = 10.0.40219.1
Project("{FAE04EC0-301F-11D3-BF4B-00C04F79EFBC}") = "CrudCSharp", "CrudCSharp\CrudCSharp.csproj", "{25B39214-760C-4495-B023-D10E9311CB2F}"
EndProject
Global
	GlobalSection(SolutionConfigurationPlatforms) = preSolution
		Debug|Any CPU = Debug|Any CPU
		Release|Any CPU = Release|Any CPU
	EndGlobalSection
	GlobalSection(ProjectConfigurationPlatforms) = postSolution
		{25B39214-760C-4495-B023-D10E9311CB2F}.Debug|Any CPU.ActiveCfg = Debug|Any CPU
		{25B39214-760C-4495-B023-D10E9311CB2F}.Debug|Any CPU.Build.0 = Debug|Any CPU
		{25B39214-760C-4495-B023-D10E9311CB2F}.Release|Any CPU.ActiveCfg = Release|Any CPU
		{25B39214-760C-4495-B023-D10E9311CB2F}.Release|Any CPU.Build.0 = Release|Any CPU
	EndGlobalSection
	GlobalSection(SolutionProperties) = preSolution
		HideSolutionNode = FALSE
	EndGlobalSection
	GlobalSection(ExtensibilityGlobals) = postSolution
		SolutionGuid = {02CFE02F-188B-4544-A406-63D2399BE769}
	EndGlobalSection
EndGlobal
